// !$*UTF8*$!
{
	archiveVersion = 1;
	classes = {
	};
	objectVersion = 56;
	objects = {

/* Begin PBXBuildFile section */
		C190F8F42A18E42800D86F34 /* CategoryViewController.swift in Sources */ = {isa = PBXBuildFile; fileRef = C190F8F32A18E42800D86F34 /* CategoryViewController.swift */; };
		C1A6F59C2A0A679800828D6A /* LaunchScreen.storyboard in Resources */ = {isa = PBXBuildFile; fileRef = C1A6F59B2A0A679800828D6A /* LaunchScreen.storyboard */; };
		C1A6F5A02A0AAB1D00828D6A /* TrackerCollectionViewCell.swift in Sources */ = {isa = PBXBuildFile; fileRef = C1A6F59F2A0AAB1D00828D6A /* TrackerCollectionViewCell.swift */; };
		C1A6F5A22A0AB01A00828D6A /* TrackerSectionHeaderView.swift in Sources */ = {isa = PBXBuildFile; fileRef = C1A6F5A12A0AB01A00828D6A /* TrackerSectionHeaderView.swift */; };
		C1A6F5A42A0AB7C400828D6A /* GeometricParams.swift in Sources */ = {isa = PBXBuildFile; fileRef = C1A6F5A32A0AB7C400828D6A /* GeometricParams.swift */; };
		C1AB98E62A1A907700F2DCD1 /* NewCategoryViewController.swift in Sources */ = {isa = PBXBuildFile; fileRef = C1AB98E52A1A907700F2DCD1 /* NewCategoryViewController.swift */; };
		C1AB98E82A1A972B00F2DCD1 /* UITextField+Insets.swift in Sources */ = {isa = PBXBuildFile; fileRef = C1AB98E72A1A972B00F2DCD1 /* UITextField+Insets.swift */; };
		C1AD4F7C2A0018730066D64B /* AppDelegate.swift in Sources */ = {isa = PBXBuildFile; fileRef = C1AD4F7B2A0018730066D64B /* AppDelegate.swift */; };
		C1AD4F7E2A0018730066D64B /* SceneDelegate.swift in Sources */ = {isa = PBXBuildFile; fileRef = C1AD4F7D2A0018730066D64B /* SceneDelegate.swift */; };
		C1AD4F802A0018730066D64B /* TrackersMainViewController.swift in Sources */ = {isa = PBXBuildFile; fileRef = C1AD4F7F2A0018730066D64B /* TrackersMainViewController.swift */; };
		C1AD4F852A0018730066D64B /* Assets.xcassets in Resources */ = {isa = PBXBuildFile; fileRef = C1AD4F842A0018730066D64B /* Assets.xcassets */; };
		C1B64D982A1BDC5C000BBFCB /* EmojiCollectionViewCell.swift in Sources */ = {isa = PBXBuildFile; fileRef = C1B64D972A1BDC5C000BBFCB /* EmojiCollectionViewCell.swift */; };
		C1B64D9A2A1BDCCB000BBFCB /* EmojisCollection.swift in Sources */ = {isa = PBXBuildFile; fileRef = C1B64D992A1BDCCB000BBFCB /* EmojisCollection.swift */; };
		C1BC70D82A1E419A00DAC570 /* TrackerSettingsTableViewCell.swift in Sources */ = {isa = PBXBuildFile; fileRef = C1BC70D72A1E419A00DAC570 /* TrackerSettingsTableViewCell.swift */; };
		C1BC70DA2A1E420600DAC570 /* TrackerSettingsCellModel.swift in Sources */ = {isa = PBXBuildFile; fileRef = C1BC70D92A1E420600DAC570 /* TrackerSettingsCellModel.swift */; };
		C1BC70DD2A1E4A7000DAC570 /* ScheduleTableViewCell.swift in Sources */ = {isa = PBXBuildFile; fileRef = C1BC70DC2A1E4A7000DAC570 /* ScheduleTableViewCell.swift */; };
		C1BC70DF2A1E4A8400DAC570 /* ScheduleCellModel.swift in Sources */ = {isa = PBXBuildFile; fileRef = C1BC70DE2A1E4A8400DAC570 /* ScheduleCellModel.swift */; };
		C1BED1992A11518C008B7D62 /* TrackerSettingsViewController.swift in Sources */ = {isa = PBXBuildFile; fileRef = C1BED1982A11518C008B7D62 /* TrackerSettingsViewController.swift */; };
		C1BED1A22A12A45E008B7D62 /* UIViewRepresented.swift in Sources */ = {isa = PBXBuildFile; fileRef = C1BED1A12A12A45E008B7D62 /* UIViewRepresented.swift */; };
		C1C4B1C22A1B876900D97D2F /* ScheduleViewController.swift in Sources */ = {isa = PBXBuildFile; fileRef = C1C4B1C12A1B876900D97D2F /* ScheduleViewController.swift */; };
		C1CB3E162A1D17F300EF62AB /* Storage.swift in Sources */ = {isa = PBXBuildFile; fileRef = C1CB3E152A1D17F300EF62AB /* Storage.swift */; };
		C1CB3E192A1D1E6C00EF62AB /* UIColor+Codable.swift in Sources */ = {isa = PBXBuildFile; fileRef = C1CB3E182A1D1E6C00EF62AB /* UIColor+Codable.swift */; };
		C1CB3E1C2A1D319D00EF62AB /* CategoryTableViewCell.swift in Sources */ = {isa = PBXBuildFile; fileRef = C1CB3E1B2A1D319D00EF62AB /* CategoryTableViewCell.swift */; };
		C1CB3E1E2A1D322600EF62AB /* CategoryCellModel.swift in Sources */ = {isa = PBXBuildFile; fileRef = C1CB3E1D2A1D322600EF62AB /* CategoryCellModel.swift */; };
		C1CCEAD22A0BD60600007FD8 /* Tracker.swift in Sources */ = {isa = PBXBuildFile; fileRef = C1CCEAD12A0BD60600007FD8 /* Tracker.swift */; };
		C1CCEAD42A0BD61E00007FD8 /* TrackerCategory.swift in Sources */ = {isa = PBXBuildFile; fileRef = C1CCEAD32A0BD61E00007FD8 /* TrackerCategory.swift */; };
		C1CCEAD62A0BD6C000007FD8 /* TrackerRecord.swift in Sources */ = {isa = PBXBuildFile; fileRef = C1CCEAD52A0BD6C000007FD8 /* TrackerRecord.swift */; };
		C1CCEAD82A0BDBAD00007FD8 /* UICollectionViewCell+ReuseID.swift in Sources */ = {isa = PBXBuildFile; fileRef = C1CCEAD72A0BDBAD00007FD8 /* UICollectionViewCell+ReuseID.swift */; };
		C1D018FA2A101654004B1E35 /* AddNewTrackerViewController.swift in Sources */ = {isa = PBXBuildFile; fileRef = C1D018F92A101654004B1E35 /* AddNewTrackerViewController.swift */; };
		C1E838452A0EC71700E1D2A9 /* StatisticsViewController.swift in Sources */ = {isa = PBXBuildFile; fileRef = C1E838442A0EC71700E1D2A9 /* StatisticsViewController.swift */; };
/* End PBXBuildFile section */

/* Begin PBXFileReference section */
		C190F8F32A18E42800D86F34 /* CategoryViewController.swift */ = {isa = PBXFileReference; lastKnownFileType = sourcecode.swift; path = CategoryViewController.swift; sourceTree = "<group>"; };
		C1A6F59B2A0A679800828D6A /* LaunchScreen.storyboard */ = {isa = PBXFileReference; lastKnownFileType = file.storyboard; path = LaunchScreen.storyboard; sourceTree = "<group>"; };
		C1A6F59F2A0AAB1D00828D6A /* TrackerCollectionViewCell.swift */ = {isa = PBXFileReference; lastKnownFileType = sourcecode.swift; path = TrackerCollectionViewCell.swift; sourceTree = "<group>"; };
		C1A6F5A12A0AB01A00828D6A /* TrackerSectionHeaderView.swift */ = {isa = PBXFileReference; lastKnownFileType = sourcecode.swift; path = TrackerSectionHeaderView.swift; sourceTree = "<group>"; };
		C1A6F5A32A0AB7C400828D6A /* GeometricParams.swift */ = {isa = PBXFileReference; lastKnownFileType = sourcecode.swift; path = GeometricParams.swift; sourceTree = "<group>"; };
		C1AB98E52A1A907700F2DCD1 /* NewCategoryViewController.swift */ = {isa = PBXFileReference; lastKnownFileType = sourcecode.swift; path = NewCategoryViewController.swift; sourceTree = "<group>"; };
		C1AB98E72A1A972B00F2DCD1 /* UITextField+Insets.swift */ = {isa = PBXFileReference; lastKnownFileType = sourcecode.swift; path = "UITextField+Insets.swift"; sourceTree = "<group>"; };
		C1AD4F782A0018730066D64B /* Tracker.app */ = {isa = PBXFileReference; explicitFileType = wrapper.application; includeInIndex = 0; path = Tracker.app; sourceTree = BUILT_PRODUCTS_DIR; };
		C1AD4F7B2A0018730066D64B /* AppDelegate.swift */ = {isa = PBXFileReference; lastKnownFileType = sourcecode.swift; path = AppDelegate.swift; sourceTree = "<group>"; };
		C1AD4F7D2A0018730066D64B /* SceneDelegate.swift */ = {isa = PBXFileReference; lastKnownFileType = sourcecode.swift; path = SceneDelegate.swift; sourceTree = "<group>"; };
		C1AD4F7F2A0018730066D64B /* TrackersMainViewController.swift */ = {isa = PBXFileReference; lastKnownFileType = sourcecode.swift; path = TrackersMainViewController.swift; sourceTree = "<group>"; };
		C1AD4F842A0018730066D64B /* Assets.xcassets */ = {isa = PBXFileReference; lastKnownFileType = folder.assetcatalog; path = Assets.xcassets; sourceTree = "<group>"; };
		C1AD4F892A0018730066D64B /* Info.plist */ = {isa = PBXFileReference; lastKnownFileType = text.plist.xml; path = Info.plist; sourceTree = "<group>"; };
		C1B64D972A1BDC5C000BBFCB /* EmojiCollectionViewCell.swift */ = {isa = PBXFileReference; lastKnownFileType = sourcecode.swift; path = EmojiCollectionViewCell.swift; sourceTree = "<group>"; };
		C1B64D992A1BDCCB000BBFCB /* EmojisCollection.swift */ = {isa = PBXFileReference; lastKnownFileType = sourcecode.swift; path = EmojisCollection.swift; sourceTree = "<group>"; };
		C1BC70D72A1E419A00DAC570 /* TrackerSettingsTableViewCell.swift */ = {isa = PBXFileReference; lastKnownFileType = sourcecode.swift; path = TrackerSettingsTableViewCell.swift; sourceTree = "<group>"; };
		C1BC70D92A1E420600DAC570 /* TrackerSettingsCellModel.swift */ = {isa = PBXFileReference; lastKnownFileType = sourcecode.swift; path = TrackerSettingsCellModel.swift; sourceTree = "<group>"; };
		C1BC70DC2A1E4A7000DAC570 /* ScheduleTableViewCell.swift */ = {isa = PBXFileReference; lastKnownFileType = sourcecode.swift; path = ScheduleTableViewCell.swift; sourceTree = "<group>"; };
		C1BC70DE2A1E4A8400DAC570 /* ScheduleCellModel.swift */ = {isa = PBXFileReference; lastKnownFileType = sourcecode.swift; path = ScheduleCellModel.swift; sourceTree = "<group>"; };
		C1BED1982A11518C008B7D62 /* TrackerSettingsViewController.swift */ = {isa = PBXFileReference; lastKnownFileType = sourcecode.swift; path = TrackerSettingsViewController.swift; sourceTree = "<group>"; };
		C1BED1A12A12A45E008B7D62 /* UIViewRepresented.swift */ = {isa = PBXFileReference; lastKnownFileType = sourcecode.swift; path = UIViewRepresented.swift; sourceTree = "<group>"; };
		C1C4B1C12A1B876900D97D2F /* ScheduleViewController.swift */ = {isa = PBXFileReference; lastKnownFileType = sourcecode.swift; path = ScheduleViewController.swift; sourceTree = "<group>"; };
		C1CB3E152A1D17F300EF62AB /* Storage.swift */ = {isa = PBXFileReference; lastKnownFileType = sourcecode.swift; path = Storage.swift; sourceTree = "<group>"; };
		C1CB3E182A1D1E6C00EF62AB /* UIColor+Codable.swift */ = {isa = PBXFileReference; lastKnownFileType = sourcecode.swift; path = "UIColor+Codable.swift"; sourceTree = "<group>"; };
		C1CB3E1B2A1D319D00EF62AB /* CategoryTableViewCell.swift */ = {isa = PBXFileReference; lastKnownFileType = sourcecode.swift; path = CategoryTableViewCell.swift; sourceTree = "<group>"; };
		C1CB3E1D2A1D322600EF62AB /* CategoryCellModel.swift */ = {isa = PBXFileReference; lastKnownFileType = sourcecode.swift; path = CategoryCellModel.swift; sourceTree = "<group>"; };
		C1CCEAD12A0BD60600007FD8 /* Tracker.swift */ = {isa = PBXFileReference; lastKnownFileType = sourcecode.swift; path = Tracker.swift; sourceTree = "<group>"; };
		C1CCEAD32A0BD61E00007FD8 /* TrackerCategory.swift */ = {isa = PBXFileReference; lastKnownFileType = sourcecode.swift; path = TrackerCategory.swift; sourceTree = "<group>"; };
		C1CCEAD52A0BD6C000007FD8 /* TrackerRecord.swift */ = {isa = PBXFileReference; lastKnownFileType = sourcecode.swift; path = TrackerRecord.swift; sourceTree = "<group>"; };
		C1CCEAD72A0BDBAD00007FD8 /* UICollectionViewCell+ReuseID.swift */ = {isa = PBXFileReference; lastKnownFileType = sourcecode.swift; path = "UICollectionViewCell+ReuseID.swift"; sourceTree = "<group>"; };
		C1D018F92A101654004B1E35 /* AddNewTrackerViewController.swift */ = {isa = PBXFileReference; lastKnownFileType = sourcecode.swift; path = AddNewTrackerViewController.swift; sourceTree = "<group>"; };
		C1E838442A0EC71700E1D2A9 /* StatisticsViewController.swift */ = {isa = PBXFileReference; lastKnownFileType = sourcecode.swift; path = StatisticsViewController.swift; sourceTree = "<group>"; };
/* End PBXFileReference section */

/* Begin PBXFrameworksBuildPhase section */
		C1AD4F752A0018730066D64B /* Frameworks */ = {
			isa = PBXFrameworksBuildPhase;
			buildActionMask = 2147483647;
			files = (
			);
			runOnlyForDeploymentPostprocessing = 0;
		};
/* End PBXFrameworksBuildPhase section */

/* Begin PBXGroup section */
		C1AD4F6F2A0018730066D64B = {
			isa = PBXGroup;
			children = (
				C1AD4F7A2A0018730066D64B /* Tracker */,
				C1AD4F792A0018730066D64B /* Products */,
			);
			sourceTree = "<group>";
		};
		C1AD4F792A0018730066D64B /* Products */ = {
			isa = PBXGroup;
			children = (
				C1AD4F782A0018730066D64B /* Tracker.app */,
			);
			name = Products;
			sourceTree = "<group>";
		};
		C1AD4F7A2A0018730066D64B /* Tracker */ = {
			isa = PBXGroup;
			children = (
				C1AD4F7B2A0018730066D64B /* AppDelegate.swift */,
				C1AD4F7D2A0018730066D64B /* SceneDelegate.swift */,
				C1AD4F7F2A0018730066D64B /* TrackersMainViewController.swift */,
				C1E838442A0EC71700E1D2A9 /* StatisticsViewController.swift */,
				C1D018F92A101654004B1E35 /* AddNewTrackerViewController.swift */,
				C1BC70D62A1E416D00DAC570 /* TrackerSettingsViewController */,
				C1CB3E1A2A1D316C00EF62AB /* CategoryViewController */,
				C1AB98E52A1A907700F2DCD1 /* NewCategoryViewController.swift */,
				C1BC70DB2A1E4A4500DAC570 /* ScheduleViewController */,
				C1AD4F892A0018730066D64B /* Info.plist */,
				C1BED1A02A12A158008B7D62 /* Extensions */,
				C1CCEAD02A0BD5A900007FD8 /* TrackerCollection */,
				C1CB3E172A1D1D8400EF62AB /* Model */,
				C1CB3E142A1D17CC00EF62AB /* Storage */,
				C1B64D962A1BDC39000BBFCB /* Emojis */,
				C1BED19F2A12A0E2008B7D62 /* Supporting files */,
			);
			path = Tracker;
			sourceTree = "<group>";
		};
		C1B64D962A1BDC39000BBFCB /* Emojis */ = {
			isa = PBXGroup;
			children = (
				C1B64D972A1BDC5C000BBFCB /* EmojiCollectionViewCell.swift */,
				C1B64D992A1BDCCB000BBFCB /* EmojisCollection.swift */,
			);
			path = Emojis;
			sourceTree = "<group>";
		};
		C1BC70D62A1E416D00DAC570 /* TrackerSettingsViewController */ = {
			isa = PBXGroup;
			children = (
				C1BED1982A11518C008B7D62 /* TrackerSettingsViewController.swift */,
				C1BC70D72A1E419A00DAC570 /* TrackerSettingsTableViewCell.swift */,
				C1BC70D92A1E420600DAC570 /* TrackerSettingsCellModel.swift */,
			);
			path = TrackerSettingsViewController;
			sourceTree = "<group>";
		};
		C1BC70DB2A1E4A4500DAC570 /* ScheduleViewController */ = {
			isa = PBXGroup;
			children = (
				C1C4B1C12A1B876900D97D2F /* ScheduleViewController.swift */,
				C1BC70DC2A1E4A7000DAC570 /* ScheduleTableViewCell.swift */,
				C1BC70DE2A1E4A8400DAC570 /* ScheduleCellModel.swift */,
			);
			path = ScheduleViewController;
			sourceTree = "<group>";
		};
		C1BED19F2A12A0E2008B7D62 /* Supporting files */ = {
			isa = PBXGroup;
			children = (
				C1AD4F842A0018730066D64B /* Assets.xcassets */,
				C1A6F59B2A0A679800828D6A /* LaunchScreen.storyboard */,
			);
			path = "Supporting files";
			sourceTree = "<group>";
		};
		C1BED1A02A12A158008B7D62 /* Extensions */ = {
			isa = PBXGroup;
			children = (
				C1CCEAD72A0BDBAD00007FD8 /* UICollectionViewCell+ReuseID.swift */,
				C1BED1A12A12A45E008B7D62 /* UIViewRepresented.swift */,
				C1AB98E72A1A972B00F2DCD1 /* UITextField+Insets.swift */,
				C1CB3E182A1D1E6C00EF62AB /* UIColor+Codable.swift */,
			);
			path = Extensions;
			sourceTree = "<group>";
		};
		C1CB3E142A1D17CC00EF62AB /* Storage */ = {
			isa = PBXGroup;
			children = (
				C1CB3E152A1D17F300EF62AB /* Storage.swift */,
			);
			path = Storage;
			sourceTree = "<group>";
		};
		C1CB3E172A1D1D8400EF62AB /* Model */ = {
			isa = PBXGroup;
			children = (
				C1CCEAD12A0BD60600007FD8 /* Tracker.swift */,
				C1CCEAD32A0BD61E00007FD8 /* TrackerCategory.swift */,
				C1CCEAD52A0BD6C000007FD8 /* TrackerRecord.swift */,
			);
			path = Model;
			sourceTree = "<group>";
		};
		C1CB3E1A2A1D316C00EF62AB /* CategoryViewController */ = {
			isa = PBXGroup;
			children = (
				C190F8F32A18E42800D86F34 /* CategoryViewController.swift */,
				C1CB3E1B2A1D319D00EF62AB /* CategoryTableViewCell.swift */,
				C1CB3E1D2A1D322600EF62AB /* CategoryCellModel.swift */,
			);
			path = CategoryViewController;
			sourceTree = "<group>";
		};
		C1CCEAD02A0BD5A900007FD8 /* TrackerCollection */ = {
			isa = PBXGroup;
			children = (
				C1A6F59F2A0AAB1D00828D6A /* TrackerCollectionViewCell.swift */,
				C1A6F5A12A0AB01A00828D6A /* TrackerSectionHeaderView.swift */,
				C1A6F5A32A0AB7C400828D6A /* GeometricParams.swift */,
			);
			path = TrackerCollection;
			sourceTree = "<group>";
		};
/* End PBXGroup section */

/* Begin PBXNativeTarget section */
		C1AD4F772A0018730066D64B /* Tracker */ = {
			isa = PBXNativeTarget;
			buildConfigurationList = C1AD4F8C2A0018730066D64B /* Build configuration list for PBXNativeTarget "Tracker" */;
			buildPhases = (
				C1AD4F742A0018730066D64B /* Sources */,
				C1AD4F752A0018730066D64B /* Frameworks */,
				C1AD4F762A0018730066D64B /* Resources */,
			);
			buildRules = (
			);
			dependencies = (
			);
			name = Tracker;
			productName = Tracker;
			productReference = C1AD4F782A0018730066D64B /* Tracker.app */;
			productType = "com.apple.product-type.application";
		};
/* End PBXNativeTarget section */

/* Begin PBXProject section */
		C1AD4F702A0018730066D64B /* Project object */ = {
			isa = PBXProject;
			attributes = {
				BuildIndependentTargetsInParallel = 1;
				LastSwiftUpdateCheck = 1410;
				LastUpgradeCheck = 1410;
				TargetAttributes = {
					C1AD4F772A0018730066D64B = {
						CreatedOnToolsVersion = 14.1;
					};
				};
			};
			buildConfigurationList = C1AD4F732A0018730066D64B /* Build configuration list for PBXProject "Tracker" */;
			compatibilityVersion = "Xcode 14.0";
			developmentRegion = en;
			hasScannedForEncodings = 0;
			knownRegions = (
				en,
				Base,
			);
			mainGroup = C1AD4F6F2A0018730066D64B;
			productRefGroup = C1AD4F792A0018730066D64B /* Products */;
			projectDirPath = "";
			projectRoot = "";
			targets = (
				C1AD4F772A0018730066D64B /* Tracker */,
			);
		};
/* End PBXProject section */

/* Begin PBXResourcesBuildPhase section */
		C1AD4F762A0018730066D64B /* Resources */ = {
			isa = PBXResourcesBuildPhase;
			buildActionMask = 2147483647;
			files = (
				C1A6F59C2A0A679800828D6A /* LaunchScreen.storyboard in Resources */,
				C1AD4F852A0018730066D64B /* Assets.xcassets in Resources */,
			);
			runOnlyForDeploymentPostprocessing = 0;
		};
/* End PBXResourcesBuildPhase section */

/* Begin PBXSourcesBuildPhase section */
		C1AD4F742A0018730066D64B /* Sources */ = {
			isa = PBXSourcesBuildPhase;
			buildActionMask = 2147483647;
			files = (
				C1CCEAD42A0BD61E00007FD8 /* TrackerCategory.swift in Sources */,
				C1BC70D82A1E419A00DAC570 /* TrackerSettingsTableViewCell.swift in Sources */,
				C1BC70DD2A1E4A7000DAC570 /* ScheduleTableViewCell.swift in Sources */,
				C1A6F5A22A0AB01A00828D6A /* TrackerSectionHeaderView.swift in Sources */,
				C1A6F5A42A0AB7C400828D6A /* GeometricParams.swift in Sources */,
				C1CB3E1C2A1D319D00EF62AB /* CategoryTableViewCell.swift in Sources */,
				C1E838452A0EC71700E1D2A9 /* StatisticsViewController.swift in Sources */,
				C1CB3E1E2A1D322600EF62AB /* CategoryCellModel.swift in Sources */,
				C1A6F5A02A0AAB1D00828D6A /* TrackerCollectionViewCell.swift in Sources */,
				C1B64D982A1BDC5C000BBFCB /* EmojiCollectionViewCell.swift in Sources */,
				C1BC70DA2A1E420600DAC570 /* TrackerSettingsCellModel.swift in Sources */,
				C1D018FA2A101654004B1E35 /* AddNewTrackerViewController.swift in Sources */,
				C1BED1992A11518C008B7D62 /* TrackerSettingsViewController.swift in Sources */,
				C1AB98E82A1A972B00F2DCD1 /* UITextField+Insets.swift in Sources */,
				C1AB98E62A1A907700F2DCD1 /* NewCategoryViewController.swift in Sources */,
				C1AD4F802A0018730066D64B /* TrackersMainViewController.swift in Sources */,
				C1BED1A22A12A45E008B7D62 /* UIViewRepresented.swift in Sources */,
				C1CCEAD82A0BDBAD00007FD8 /* UICollectionViewCell+ReuseID.swift in Sources */,
				C1BC70DF2A1E4A8400DAC570 /* ScheduleCellModel.swift in Sources */,
				C1CB3E162A1D17F300EF62AB /* Storage.swift in Sources */,
				C1CCEAD62A0BD6C000007FD8 /* TrackerRecord.swift in Sources */,
				C1B64D9A2A1BDCCB000BBFCB /* EmojisCollection.swift in Sources */,
				C1CB3E192A1D1E6C00EF62AB /* UIColor+Codable.swift in Sources */,
				C1C4B1C22A1B876900D97D2F /* ScheduleViewController.swift in Sources */,
				C1CCEAD22A0BD60600007FD8 /* Tracker.swift in Sources */,
				C1AD4F7C2A0018730066D64B /* AppDelegate.swift in Sources */,
				C190F8F42A18E42800D86F34 /* CategoryViewController.swift in Sources */,
				C1AD4F7E2A0018730066D64B /* SceneDelegate.swift in Sources */,
			);
			runOnlyForDeploymentPostprocessing = 0;
		};
/* End PBXSourcesBuildPhase section */

/* Begin XCBuildConfiguration section */
		C1AD4F8A2A0018730066D64B /* Debug */ = {
			isa = XCBuildConfiguration;
			buildSettings = {
				ALWAYS_SEARCH_USER_PATHS = NO;
				CLANG_ANALYZER_NONNULL = YES;
				CLANG_ANALYZER_NUMBER_OBJECT_CONVERSION = YES_AGGRESSIVE;
				CLANG_CXX_LANGUAGE_STANDARD = "gnu++20";
				CLANG_ENABLE_MODULES = YES;
				CLANG_ENABLE_OBJC_ARC = YES;
				CLANG_ENABLE_OBJC_WEAK = YES;
				CLANG_WARN_BLOCK_CAPTURE_AUTORELEASING = YES;
				CLANG_WARN_BOOL_CONVERSION = YES;
				CLANG_WARN_COMMA = YES;
				CLANG_WARN_CONSTANT_CONVERSION = YES;
				CLANG_WARN_DEPRECATED_OBJC_IMPLEMENTATIONS = YES;
				CLANG_WARN_DIRECT_OBJC_ISA_USAGE = YES_ERROR;
				CLANG_WARN_DOCUMENTATION_COMMENTS = YES;
				CLANG_WARN_EMPTY_BODY = YES;
				CLANG_WARN_ENUM_CONVERSION = YES;
				CLANG_WARN_INFINITE_RECURSION = YES;
				CLANG_WARN_INT_CONVERSION = YES;
				CLANG_WARN_NON_LITERAL_NULL_CONVERSION = YES;
				CLANG_WARN_OBJC_IMPLICIT_RETAIN_SELF = YES;
				CLANG_WARN_OBJC_LITERAL_CONVERSION = YES;
				CLANG_WARN_OBJC_ROOT_CLASS = YES_ERROR;
				CLANG_WARN_QUOTED_INCLUDE_IN_FRAMEWORK_HEADER = YES;
				CLANG_WARN_RANGE_LOOP_ANALYSIS = YES;
				CLANG_WARN_STRICT_PROTOTYPES = YES;
				CLANG_WARN_SUSPICIOUS_MOVE = YES;
				CLANG_WARN_UNGUARDED_AVAILABILITY = YES_AGGRESSIVE;
				CLANG_WARN_UNREACHABLE_CODE = YES;
				CLANG_WARN__DUPLICATE_METHOD_MATCH = YES;
				COPY_PHASE_STRIP = NO;
				DEBUG_INFORMATION_FORMAT = dwarf;
				ENABLE_STRICT_OBJC_MSGSEND = YES;
				ENABLE_TESTABILITY = YES;
				GCC_C_LANGUAGE_STANDARD = gnu11;
				GCC_DYNAMIC_NO_PIC = NO;
				GCC_NO_COMMON_BLOCKS = YES;
				GCC_OPTIMIZATION_LEVEL = 0;
				GCC_PREPROCESSOR_DEFINITIONS = (
					"DEBUG=1",
					"$(inherited)",
				);
				GCC_WARN_64_TO_32_BIT_CONVERSION = YES;
				GCC_WARN_ABOUT_RETURN_TYPE = YES_ERROR;
				GCC_WARN_UNDECLARED_SELECTOR = YES;
				GCC_WARN_UNINITIALIZED_AUTOS = YES_AGGRESSIVE;
				GCC_WARN_UNUSED_FUNCTION = YES;
				GCC_WARN_UNUSED_VARIABLE = YES;
				IPHONEOS_DEPLOYMENT_TARGET = 16.1;
				MTL_ENABLE_DEBUG_INFO = INCLUDE_SOURCE;
				MTL_FAST_MATH = YES;
				ONLY_ACTIVE_ARCH = YES;
				SDKROOT = iphoneos;
				SWIFT_ACTIVE_COMPILATION_CONDITIONS = DEBUG;
				SWIFT_OPTIMIZATION_LEVEL = "-Onone";
			};
			name = Debug;
		};
		C1AD4F8B2A0018730066D64B /* Release */ = {
			isa = XCBuildConfiguration;
			buildSettings = {
				ALWAYS_SEARCH_USER_PATHS = NO;
				CLANG_ANALYZER_NONNULL = YES;
				CLANG_ANALYZER_NUMBER_OBJECT_CONVERSION = YES_AGGRESSIVE;
				CLANG_CXX_LANGUAGE_STANDARD = "gnu++20";
				CLANG_ENABLE_MODULES = YES;
				CLANG_ENABLE_OBJC_ARC = YES;
				CLANG_ENABLE_OBJC_WEAK = YES;
				CLANG_WARN_BLOCK_CAPTURE_AUTORELEASING = YES;
				CLANG_WARN_BOOL_CONVERSION = YES;
				CLANG_WARN_COMMA = YES;
				CLANG_WARN_CONSTANT_CONVERSION = YES;
				CLANG_WARN_DEPRECATED_OBJC_IMPLEMENTATIONS = YES;
				CLANG_WARN_DIRECT_OBJC_ISA_USAGE = YES_ERROR;
				CLANG_WARN_DOCUMENTATION_COMMENTS = YES;
				CLANG_WARN_EMPTY_BODY = YES;
				CLANG_WARN_ENUM_CONVERSION = YES;
				CLANG_WARN_INFINITE_RECURSION = YES;
				CLANG_WARN_INT_CONVERSION = YES;
				CLANG_WARN_NON_LITERAL_NULL_CONVERSION = YES;
				CLANG_WARN_OBJC_IMPLICIT_RETAIN_SELF = YES;
				CLANG_WARN_OBJC_LITERAL_CONVERSION = YES;
				CLANG_WARN_OBJC_ROOT_CLASS = YES_ERROR;
				CLANG_WARN_QUOTED_INCLUDE_IN_FRAMEWORK_HEADER = YES;
				CLANG_WARN_RANGE_LOOP_ANALYSIS = YES;
				CLANG_WARN_STRICT_PROTOTYPES = YES;
				CLANG_WARN_SUSPICIOUS_MOVE = YES;
				CLANG_WARN_UNGUARDED_AVAILABILITY = YES_AGGRESSIVE;
				CLANG_WARN_UNREACHABLE_CODE = YES;
				CLANG_WARN__DUPLICATE_METHOD_MATCH = YES;
				COPY_PHASE_STRIP = NO;
				DEBUG_INFORMATION_FORMAT = "dwarf-with-dsym";
				ENABLE_NS_ASSERTIONS = NO;
				ENABLE_STRICT_OBJC_MSGSEND = YES;
				GCC_C_LANGUAGE_STANDARD = gnu11;
				GCC_NO_COMMON_BLOCKS = YES;
				GCC_WARN_64_TO_32_BIT_CONVERSION = YES;
				GCC_WARN_ABOUT_RETURN_TYPE = YES_ERROR;
				GCC_WARN_UNDECLARED_SELECTOR = YES;
				GCC_WARN_UNINITIALIZED_AUTOS = YES_AGGRESSIVE;
				GCC_WARN_UNUSED_FUNCTION = YES;
				GCC_WARN_UNUSED_VARIABLE = YES;
				IPHONEOS_DEPLOYMENT_TARGET = 16.1;
				MTL_ENABLE_DEBUG_INFO = NO;
				MTL_FAST_MATH = YES;
				SDKROOT = iphoneos;
				SWIFT_COMPILATION_MODE = wholemodule;
				SWIFT_OPTIMIZATION_LEVEL = "-O";
				VALIDATE_PRODUCT = YES;
			};
			name = Release;
		};
		C1AD4F8D2A0018730066D64B /* Debug */ = {
			isa = XCBuildConfiguration;
			buildSettings = {
				ASSETCATALOG_COMPILER_APPICON_NAME = AppIcon;
				ASSETCATALOG_COMPILER_GLOBAL_ACCENT_COLOR_NAME = AccentColor;
				CODE_SIGN_STYLE = Automatic;
				CURRENT_PROJECT_VERSION = 1;
				DEVELOPMENT_TEAM = GXX4LVJ9MX;
				GENERATE_INFOPLIST_FILE = YES;
				INFOPLIST_FILE = Tracker/Info.plist;
				INFOPLIST_KEY_UIApplicationSupportsIndirectInputEvents = YES;
				INFOPLIST_KEY_UILaunchStoryboardName = LaunchScreen;
				INFOPLIST_KEY_UISupportedInterfaceOrientations_iPad = "UIInterfaceOrientationPortrait UIInterfaceOrientationPortraitUpsideDown UIInterfaceOrientationLandscapeLeft UIInterfaceOrientationLandscapeRight";
				INFOPLIST_KEY_UISupportedInterfaceOrientations_iPhone = "UIInterfaceOrientationPortrait UIInterfaceOrientationLandscapeLeft UIInterfaceOrientationLandscapeRight";
				LD_RUNPATH_SEARCH_PATHS = (
					"$(inherited)",
					"@executable_path/Frameworks",
				);
				MARKETING_VERSION = 1.0;
				PRODUCT_BUNDLE_IDENTIFIER = "ru.practicum.Image-Feed.mz.Tracker";
				PRODUCT_NAME = "$(TARGET_NAME)";
				SWIFT_EMIT_LOC_STRINGS = YES;
				SWIFT_VERSION = 5.0;
				TARGETED_DEVICE_FAMILY = "1,2";
			};
			name = Debug;
		};
		C1AD4F8E2A0018730066D64B /* Release */ = {
			isa = XCBuildConfiguration;
			buildSettings = {
				ASSETCATALOG_COMPILER_APPICON_NAME = AppIcon;
				ASSETCATALOG_COMPILER_GLOBAL_ACCENT_COLOR_NAME = AccentColor;
				CODE_SIGN_STYLE = Automatic;
				CURRENT_PROJECT_VERSION = 1;
				DEVELOPMENT_TEAM = GXX4LVJ9MX;
				GENERATE_INFOPLIST_FILE = YES;
				INFOPLIST_FILE = Tracker/Info.plist;
				INFOPLIST_KEY_UIApplicationSupportsIndirectInputEvents = YES;
				INFOPLIST_KEY_UILaunchStoryboardName = LaunchScreen;
				INFOPLIST_KEY_UISupportedInterfaceOrientations_iPad = "UIInterfaceOrientationPortrait UIInterfaceOrientationPortraitUpsideDown UIInterfaceOrientationLandscapeLeft UIInterfaceOrientationLandscapeRight";
				INFOPLIST_KEY_UISupportedInterfaceOrientations_iPhone = "UIInterfaceOrientationPortrait UIInterfaceOrientationLandscapeLeft UIInterfaceOrientationLandscapeRight";
				LD_RUNPATH_SEARCH_PATHS = (
					"$(inherited)",
					"@executable_path/Frameworks",
				);
				MARKETING_VERSION = 1.0;
				PRODUCT_BUNDLE_IDENTIFIER = "ru.practicum.Image-Feed.mz.Tracker";
				PRODUCT_NAME = "$(TARGET_NAME)";
				SWIFT_EMIT_LOC_STRINGS = YES;
				SWIFT_VERSION = 5.0;
				TARGETED_DEVICE_FAMILY = "1,2";
			};
			name = Release;
		};
/* End XCBuildConfiguration section */

/* Begin XCConfigurationList section */
		C1AD4F732A0018730066D64B /* Build configuration list for PBXProject "Tracker" */ = {
			isa = XCConfigurationList;
			buildConfigurations = (
				C1AD4F8A2A0018730066D64B /* Debug */,
				C1AD4F8B2A0018730066D64B /* Release */,
			);
			defaultConfigurationIsVisible = 0;
			defaultConfigurationName = Release;
		};
		C1AD4F8C2A0018730066D64B /* Build configuration list for PBXNativeTarget "Tracker" */ = {
			isa = XCConfigurationList;
			buildConfigurations = (
				C1AD4F8D2A0018730066D64B /* Debug */,
				C1AD4F8E2A0018730066D64B /* Release */,
			);
			defaultConfigurationIsVisible = 0;
			defaultConfigurationName = Release;
		};
/* End XCConfigurationList section */
	};
	rootObject = C1AD4F702A0018730066D64B /* Project object */;
}
